
Microsoft Visual Studio Solution File, Format Version 12.00
# Visual Studio Version 17
VisualStudioVersion = 17.5.002.0
MinimumVisualStudioVersion = 10.0.40219.1
Project("{9A19103F-16F7-4668-BE54-9A1E7A4F7556}") = "ACK_error", "ACK_error.csproj", "{473E46CD-12A3-499C-AF3B-209F56FAD89E}"
EndProject
Global
	GlobalSection(SolutionConfigurationPlatforms) = preSolution
		Debug|Any CPU = Debug|Any CPU
		Release|Any CPU = Release|Any CPU
	EndGlobalSection
	GlobalSection(ProjectConfigurationPlatforms) = postSolution
		{473E46CD-12A3-499C-AF3B-209F56FAD89E}.Debug|Any CPU.ActiveCfg = Debug|Any CPU
		{473E46CD-12A3-499C-AF3B-209F56FAD89E}.Debug|Any CPU.Build.0 = Debug|Any CPU
		{473E46CD-12A3-499C-AF3B-209F56FAD89E}.Release|Any CPU.ActiveCfg = Release|Any CPU
		{473E46CD-12A3-499C-AF3B-209F56FAD89E}.Release|Any CPU.Build.0 = Release|Any CPU
	EndGlobalSection
	GlobalSection(SolutionProperties) = preSolution
		HideSolutionNode = FALSE
	EndGlobalSection
	GlobalSection(ExtensibilityGlobals) = postSolution
		SolutionGuid = {2EF8ACA7-E404-4180-B4D2-78FE6975DA3B}
	EndGlobalSection
EndGlobal
